// !$*UTF8*$!
{
	archiveVersion = 1;
	classes = {
	};
	objectVersion = 56;
	objects = {

/* Begin PBXBuildFile section */
		8408B0C42953845E009EF39E /* AppDelegate.swift in Sources */ = {isa = PBXBuildFile; fileRef = 8408B0C32953845E009EF39E /* AppDelegate.swift */; };
		8408B0C62953845E009EF39E /* SceneDelegate.swift in Sources */ = {isa = PBXBuildFile; fileRef = 8408B0C52953845E009EF39E /* SceneDelegate.swift */; };
		8408B0C82953845E009EF39E /* ViewController.swift in Sources */ = {isa = PBXBuildFile; fileRef = 8408B0C72953845E009EF39E /* ViewController.swift */; };
		8408B0CB2953845E009EF39E /* Main.storyboard in Resources */ = {isa = PBXBuildFile; fileRef = 8408B0C92953845E009EF39E /* Main.storyboard */; };
		8408B0CD29538460009EF39E /* Assets.xcassets in Resources */ = {isa = PBXBuildFile; fileRef = 8408B0CC29538460009EF39E /* Assets.xcassets */; };
		8408B0D029538461009EF39E /* LaunchScreen.storyboard in Resources */ = {isa = PBXBuildFile; fileRef = 8408B0CE29538461009EF39E /* LaunchScreen.storyboard */; };
		841E4020295872DE007475F4 /* Calculator.swift in Sources */ = {isa = PBXBuildFile; fileRef = 841E401F295872DE007475F4 /* Calculator.swift */; };
		841E402229587302007475F4 /* CalculatorPro.swift in Sources */ = {isa = PBXBuildFile; fileRef = 841E402129587302007475F4 /* CalculatorPro.swift */; };
		841E40242958733B007475F4 /* SuperProCalc.swift in Sources */ = {isa = PBXBuildFile; fileRef = 841E40232958733B007475F4 /* SuperProCalc.swift */; };
/* End PBXBuildFile section */

/* Begin PBXFileReference section */
		8408B0C02953845E009EF39E /* Task 5-6.app */ = {isa = PBXFileReference; explicitFileType = wrapper.application; includeInIndex = 0; path = "Task 5-6.app"; sourceTree = BUILT_PRODUCTS_DIR; };
		8408B0C32953845E009EF39E /* AppDelegate.swift */ = {isa = PBXFileReference; lastKnownFileType = sourcecode.swift; path = AppDelegate.swift; sourceTree = "<group>"; };
		8408B0C52953845E009EF39E /* SceneDelegate.swift */ = {isa = PBXFileReference; lastKnownFileType = sourcecode.swift; path = SceneDelegate.swift; sourceTree = "<group>"; };
		8408B0C72953845E009EF39E /* ViewController.swift */ = {isa = PBXFileReference; lastKnownFileType = sourcecode.swift; path = ViewController.swift; sourceTree = "<group>"; };
		8408B0CA2953845E009EF39E /* Base */ = {isa = PBXFileReference; lastKnownFileType = file.storyboard; name = Base; path = Base.lproj/Main.storyboard; sourceTree = "<group>"; };
		8408B0CC29538460009EF39E /* Assets.xcassets */ = {isa = PBXFileReference; lastKnownFileType = folder.assetcatalog; path = Assets.xcassets; sourceTree = "<group>"; };
		8408B0CF29538461009EF39E /* Base */ = {isa = PBXFileReference; lastKnownFileType = file.storyboard; name = Base; path = Base.lproj/LaunchScreen.storyboard; sourceTree = "<group>"; };
		8408B0D129538461009EF39E /* Info.plist */ = {isa = PBXFileReference; lastKnownFileType = text.plist.xml; path = Info.plist; sourceTree = "<group>"; };
		841E401F295872DE007475F4 /* Calculator.swift */ = {isa = PBXFileReference; lastKnownFileType = sourcecode.swift; path = Calculator.swift; sourceTree = "<group>"; };
		841E402129587302007475F4 /* CalculatorPro.swift */ = {isa = PBXFileReference; lastKnownFileType = sourcecode.swift; path = CalculatorPro.swift; sourceTree = "<group>"; };
		841E40232958733B007475F4 /* SuperProCalc.swift */ = {isa = PBXFileReference; lastKnownFileType = sourcecode.swift; path = SuperProCalc.swift; sourceTree = "<group>"; };
/* End PBXFileReference section */

/* Begin PBXFrameworksBuildPhase section */
		8408B0BD2953845E009EF39E /* Frameworks */ = {
			isa = PBXFrameworksBuildPhase;
			buildActionMask = 2147483647;
			files = (
			);
			runOnlyForDeploymentPostprocessing = 0;
		};
/* End PBXFrameworksBuildPhase section */

/* Begin PBXGroup section */
		8408B0B72953845E009EF39E = {
			isa = PBXGroup;
			children = (
				8408B0C22953845E009EF39E /* Task 5-6 */,
				8408B0C12953845E009EF39E /* Products */,
			);
			sourceTree = "<group>";
		};
		8408B0C12953845E009EF39E /* Products */ = {
			isa = PBXGroup;
			children = (
				8408B0C02953845E009EF39E /* Task 5-6.app */,
			);
			name = Products;
			sourceTree = "<group>";
		};
		8408B0C22953845E009EF39E /* Task 5-6 */ = {
			isa = PBXGroup;
			children = (
				8408B0C32953845E009EF39E /* AppDelegate.swift */,
				8408B0C52953845E009EF39E /* SceneDelegate.swift */,
				8408B0C72953845E009EF39E /* ViewController.swift */,
				841E40512958799E007475F4 /* Calc */,
				8408B0C92953845E009EF39E /* Main.storyboard */,
				8408B0CC29538460009EF39E /* Assets.xcassets */,
				8408B0CE29538461009EF39E /* LaunchScreen.storyboard */,
				8408B0D129538461009EF39E /* Info.plist */,
			);
			path = "Task 5-6";
			sourceTree = "<group>";
		};
		841E40512958799E007475F4 /* Calc */ = {
			isa = PBXGroup;
			children = (
				841E401F295872DE007475F4 /* Calculator.swift */,
				841E402129587302007475F4 /* CalculatorPro.swift */,
				841E40232958733B007475F4 /* SuperProCalc.swift */,
			);
			path = Calc;
			sourceTree = "<group>";
		};
/* End PBXGroup section */

/* Begin PBXNativeTarget section */
		8408B0BF2953845E009EF39E /* Task 5-6 */ = {
			isa = PBXNativeTarget;
			buildConfigurationList = 8408B0D429538461009EF39E /* Build configuration list for PBXNativeTarget "Task 5-6" */;
			buildPhases = (
				8408B0BC2953845E009EF39E /* Sources */,
				8408B0BD2953845E009EF39E /* Frameworks */,
				8408B0BE2953845E009EF39E /* Resources */,
			);
			buildRules = (
			);
			dependencies = (
			);
			name = "Task 5-6";
			productName = "Task 5-6";
			productReference = 8408B0C02953845E009EF39E /* Task 5-6.app */;
			productType = "com.apple.product-type.application";
		};
/* End PBXNativeTarget section */

/* Begin PBXProject section */
		8408B0B82953845E009EF39E /* Project object */ = {
			isa = PBXProject;
			attributes = {
				BuildIndependentTargetsInParallel = 1;
				LastSwiftUpdateCheck = 1400;
				LastUpgradeCheck = 1400;
				TargetAttributes = {
					8408B0BF2953845E009EF39E = {
						CreatedOnToolsVersion = 14.0.1;
					};
				};
			};
			buildConfigurationList = 8408B0BB2953845E009EF39E /* Build configuration list for PBXProject "Task 5-6" */;
			compatibilityVersion = "Xcode 14.0";
			developmentRegion = en;
			hasScannedForEncodings = 0;
			knownRegions = (
				en,
				Base,
			);
			mainGroup = 8408B0B72953845E009EF39E;
			productRefGroup = 8408B0C12953845E009EF39E /* Products */;
			projectDirPath = "";
			projectRoot = "";
			targets = (
				8408B0BF2953845E009EF39E /* Task 5-6 */,
			);
		};
/* End PBXProject section */

/* Begin PBXResourcesBuildPhase section */
		8408B0BE2953845E009EF39E /* Resources */ = {
			isa = PBXResourcesBuildPhase;
			buildActionMask = 2147483647;
			files = (
				8408B0D029538461009EF39E /* LaunchScreen.storyboard in Resources */,
				8408B0CD29538460009EF39E /* Assets.xcassets in Resources */,
				8408B0CB2953845E009EF39E /* Main.storyboard in Resources */,
			);
			runOnlyForDeploymentPostprocessing = 0;
		};
/* End PBXResourcesBuildPhase section */

/* Begin PBXSourcesBuildPhase section */
		8408B0BC2953845E009EF39E /* Sources */ = {
			isa = PBXSourcesBuildPhase;
			buildActionMask = 2147483647;
			files = (
				841E40242958733B007475F4 /* SuperProCalc.swift in Sources */,
				8408B0C82953845E009EF39E /* ViewController.swift in Sources */,
				841E4020295872DE007475F4 /* Calculator.swift in Sources */,
				8408B0C42953845E009EF39E /* AppDelegate.swift in Sources */,
				841E402229587302007475F4 /* CalculatorPro.swift in Sources */,
				8408B0C62953845E009EF39E /* SceneDelegate.swift in Sources */,
			);
			runOnlyForDeploymentPostprocessing = 0;
		};
/* End PBXSourcesBuildPhase section */

/* Begin PBXVariantGroup section */
		8408B0C92953845E009EF39E /* Main.storyboard */ = {
			isa = PBXVariantGroup;
			children = (
				8408B0CA2953845E009EF39E /* Base */,
			);
			name = Main.storyboard;
			sourceTree = "<group>";
		};
		8408B0CE29538461009EF39E /* LaunchScreen.storyboard */ = {
			isa = PBXVariantGroup;
			children = (
				8408B0CF29538461009EF39E /* Base */,
			);
			name = LaunchScreen.storyboard;
			sourceTree = "<group>";
		};
/* End PBXVariantGroup section */

/* Begin XCBuildConfiguration section */
		8408B0D229538461009EF39E /* Debug */ = {
			isa = XCBuildConfiguration;
			buildSettings = {
				ALWAYS_SEARCH_USER_PATHS = NO;
				CLANG_ANALYZER_NONNULL = YES;
				CLANG_ANALYZER_NUMBER_OBJECT_CONVERSION = YES_AGGRESSIVE;
				CLANG_CXX_LANGUAGE_STANDARD = "gnu++20";
				CLANG_ENABLE_MODULES = YES;
				CLANG_ENABLE_OBJC_ARC = YES;
				CLANG_ENABLE_OBJC_WEAK = YES;
				CLANG_WARN_BLOCK_CAPTURE_AUTORELEASING = YES;
				CLANG_WARN_BOOL_CONVERSION = YES;
				CLANG_WARN_COMMA = YES;
				CLANG_WARN_CONSTANT_CONVERSION = YES;
				CLANG_WARN_DEPRECATED_OBJC_IMPLEMENTATIONS = YES;
				CLANG_WARN_DIRECT_OBJC_ISA_USAGE = YES_ERROR;
				CLANG_WARN_DOCUMENTATION_COMMENTS = YES;
				CLANG_WARN_EMPTY_BODY = YES;
				CLANG_WARN_ENUM_CONVERSION = YES;
				CLANG_WARN_INFINITE_RECURSION = YES;
				CLANG_WARN_INT_CONVERSION = YES;
				CLANG_WARN_NON_LITERAL_NULL_CONVERSION = YES;
				CLANG_WARN_OBJC_IMPLICIT_RETAIN_SELF = YES;
				CLANG_WARN_OBJC_LITERAL_CONVERSION = YES;
				CLANG_WARN_OBJC_ROOT_CLASS = YES_ERROR;
				CLANG_WARN_QUOTED_INCLUDE_IN_FRAMEWORK_HEADER = YES;
				CLANG_WARN_RANGE_LOOP_ANALYSIS = YES;
				CLANG_WARN_STRICT_PROTOTYPES = YES;
				CLANG_WARN_SUSPICIOUS_MOVE = YES;
				CLANG_WARN_UNGUARDED_AVAILABILITY = YES_AGGRESSIVE;
				CLANG_WARN_UNREACHABLE_CODE = YES;
				CLANG_WARN__DUPLICATE_METHOD_MATCH = YES;
				COPY_PHASE_STRIP = NO;
				DEBUG_INFORMATION_FORMAT = dwarf;
				ENABLE_STRICT_OBJC_MSGSEND = YES;
				ENABLE_TESTABILITY = YES;
				GCC_C_LANGUAGE_STANDARD = gnu11;
				GCC_DYNAMIC_NO_PIC = NO;
				GCC_NO_COMMON_BLOCKS = YES;
				GCC_OPTIMIZATION_LEVEL = 0;
				GCC_PREPROCESSOR_DEFINITIONS = (
					"DEBUG=1",
					"$(inherited)",
				);
				GCC_WARN_64_TO_32_BIT_CONVERSION = YES;
				GCC_WARN_ABOUT_RETURN_TYPE = YES_ERROR;
				GCC_WARN_UNDECLARED_SELECTOR = YES;
				GCC_WARN_UNINITIALIZED_AUTOS = YES_AGGRESSIVE;
				GCC_WARN_UNUSED_FUNCTION = YES;
				GCC_WARN_UNUSED_VARIABLE = YES;
				IPHONEOS_DEPLOYMENT_TARGET = 16.0;
				MTL_ENABLE_DEBUG_INFO = INCLUDE_SOURCE;
				MTL_FAST_MATH = YES;
				ONLY_ACTIVE_ARCH = YES;
				SDKROOT = iphoneos;
				SWIFT_ACTIVE_COMPILATION_CONDITIONS = DEBUG;
				SWIFT_OPTIMIZATION_LEVEL = "-Onone";
			};
			name = Debug;
		};
		8408B0D329538461009EF39E /* Release */ = {
			isa = XCBuildConfiguration;
			buildSettings = {
				ALWAYS_SEARCH_USER_PATHS = NO;
				CLANG_ANALYZER_NONNULL = YES;
				CLANG_ANALYZER_NUMBER_OBJECT_CONVERSION = YES_AGGRESSIVE;
				CLANG_CXX_LANGUAGE_STANDARD = "gnu++20";
				CLANG_ENABLE_MODULES = YES;
				CLANG_ENABLE_OBJC_ARC = YES;
				CLANG_ENABLE_OBJC_WEAK = YES;
				CLANG_WARN_BLOCK_CAPTURE_AUTORELEASING = YES;
				CLANG_WARN_BOOL_CONVERSION = YES;
				CLANG_WARN_COMMA = YES;
				CLANG_WARN_CONSTANT_CONVERSION = YES;
				CLANG_WARN_DEPRECATED_OBJC_IMPLEMENTATIONS = YES;
				CLANG_WARN_DIRECT_OBJC_ISA_USAGE = YES_ERROR;
				CLANG_WARN_DOCUMENTATION_COMMENTS = YES;
				CLANG_WARN_EMPTY_BODY = YES;
				CLANG_WARN_ENUM_CONVERSION = YES;
				CLANG_WARN_INFINITE_RECURSION = YES;
				CLANG_WARN_INT_CONVERSION = YES;
				CLANG_WARN_NON_LITERAL_NULL_CONVERSION = YES;
				CLANG_WARN_OBJC_IMPLICIT_RETAIN_SELF = YES;
				CLANG_WARN_OBJC_LITERAL_CONVERSION = YES;
				CLANG_WARN_OBJC_ROOT_CLASS = YES_ERROR;
				CLANG_WARN_QUOTED_INCLUDE_IN_FRAMEWORK_HEADER = YES;
				CLANG_WARN_RANGE_LOOP_ANALYSIS = YES;
				CLANG_WARN_STRICT_PROTOTYPES = YES;
				CLANG_WARN_SUSPICIOUS_MOVE = YES;
				CLANG_WARN_UNGUARDED_AVAILABILITY = YES_AGGRESSIVE;
				CLANG_WARN_UNREACHABLE_CODE = YES;
				CLANG_WARN__DUPLICATE_METHOD_MATCH = YES;
				COPY_PHASE_STRIP = NO;
				DEBUG_INFORMATION_FORMAT = "dwarf-with-dsym";
				ENABLE_NS_ASSERTIONS = NO;
				ENABLE_STRICT_OBJC_MSGSEND = YES;
				GCC_C_LANGUAGE_STANDARD = gnu11;
				GCC_NO_COMMON_BLOCKS = YES;
				GCC_WARN_64_TO_32_BIT_CONVERSION = YES;
				GCC_WARN_ABOUT_RETURN_TYPE = YES_ERROR;
				GCC_WARN_UNDECLARED_SELECTOR = YES;
				GCC_WARN_UNINITIALIZED_AUTOS = YES_AGGRESSIVE;
				GCC_WARN_UNUSED_FUNCTION = YES;
				GCC_WARN_UNUSED_VARIABLE = YES;
				IPHONEOS_DEPLOYMENT_TARGET = 16.0;
				MTL_ENABLE_DEBUG_INFO = NO;
				MTL_FAST_MATH = YES;
				SDKROOT = iphoneos;
				SWIFT_COMPILATION_MODE = wholemodule;
				SWIFT_OPTIMIZATION_LEVEL = "-O";
				VALIDATE_PRODUCT = YES;
			};
			name = Release;
		};
		8408B0D529538461009EF39E /* Debug */ = {
			isa = XCBuildConfiguration;
			buildSettings = {
				ASSETCATALOG_COMPILER_APPICON_NAME = AppIcon;
				ASSETCATALOG_COMPILER_GLOBAL_ACCENT_COLOR_NAME = AccentColor;
				CODE_SIGN_STYLE = Automatic;
				CURRENT_PROJECT_VERSION = 1;
				DEVELOPMENT_TEAM = CC7XKUU729;
				GENERATE_INFOPLIST_FILE = YES;
				INFOPLIST_FILE = "Task 5-6/Info.plist";
				INFOPLIST_KEY_UIApplicationSupportsIndirectInputEvents = YES;
				INFOPLIST_KEY_UILaunchStoryboardName = LaunchScreen;
				INFOPLIST_KEY_UIMainStoryboardFile = Main;
				INFOPLIST_KEY_UISupportedInterfaceOrientations_iPad = "UIInterfaceOrientationPortrait UIInterfaceOrientationPortraitUpsideDown UIInterfaceOrientationLandscapeLeft UIInterfaceOrientationLandscapeRight";
				INFOPLIST_KEY_UISupportedInterfaceOrientations_iPhone = "UIInterfaceOrientationPortrait UIInterfaceOrientationLandscapeLeft UIInterfaceOrientationLandscapeRight";
				LD_RUNPATH_SEARCH_PATHS = (
					"$(inherited)",
					"@executable_path/Frameworks",
				);
				MARKETING_VERSION = 1.0;
				PRODUCT_BUNDLE_IDENTIFIER = "MD.Task-5-6";
				PRODUCT_NAME = "$(TARGET_NAME)";
				SWIFT_EMIT_LOC_STRINGS = YES;
				SWIFT_VERSION = 5.0;
				TARGETED_DEVICE_FAMILY = "1,2";
			};
			name = Debug;
		};
		8408B0D629538461009EF39E /* Release */ = {
			isa = XCBuildConfiguration;
			buildSettings = {
				ASSETCATALOG_COMPILER_APPICON_NAME = AppIcon;
				ASSETCATALOG_COMPILER_GLOBAL_ACCENT_COLOR_NAME = AccentColor;
				CODE_SIGN_STYLE = Automatic;
				CURRENT_PROJECT_VERSION = 1;
				DEVELOPMENT_TEAM = CC7XKUU729;
				GENERATE_INFOPLIST_FILE = YES;
				INFOPLIST_FILE = "Task 5-6/Info.plist";
				INFOPLIST_KEY_UIApplicationSupportsIndirectInputEvents = YES;
				INFOPLIST_KEY_UILaunchStoryboardName = LaunchScreen;
				INFOPLIST_KEY_UIMainStoryboardFile = Main;
				INFOPLIST_KEY_UISupportedInterfaceOrientations_iPad = "UIInterfaceOrientationPortrait UIInterfaceOrientationPortraitUpsideDown UIInterfaceOrientationLandscapeLeft UIInterfaceOrientationLandscapeRight";
				INFOPLIST_KEY_UISupportedInterfaceOrientations_iPhone = "UIInterfaceOrientationPortrait UIInterfaceOrientationLandscapeLeft UIInterfaceOrientationLandscapeRight";
				LD_RUNPATH_SEARCH_PATHS = (
					"$(inherited)",
					"@executable_path/Frameworks",
				);
				MARKETING_VERSION = 1.0;
				PRODUCT_BUNDLE_IDENTIFIER = "MD.Task-5-6";
				PRODUCT_NAME = "$(TARGET_NAME)";
				SWIFT_EMIT_LOC_STRINGS = YES;
				SWIFT_VERSION = 5.0;
				TARGETED_DEVICE_FAMILY = "1,2";
			};
			name = Release;
		};
/* End XCBuildConfiguration section */

/* Begin XCConfigurationList section */
		8408B0BB2953845E009EF39E /* Build configuration list for PBXProject "Task 5-6" */ = {
			isa = XCConfigurationList;
			buildConfigurations = (
				8408B0D229538461009EF39E /* Debug */,
				8408B0D329538461009EF39E /* Release */,
			);
			defaultConfigurationIsVisible = 0;
			defaultConfigurationName = Release;
		};
		8408B0D429538461009EF39E /* Build configuration list for PBXNativeTarget "Task 5-6" */ = {
			isa = XCConfigurationList;
			buildConfigurations = (
				8408B0D529538461009EF39E /* Debug */,
				8408B0D629538461009EF39E /* Release */,
			);
			defaultConfigurationIsVisible = 0;
			defaultConfigurationName = Release;
		};
/* End XCConfigurationList section */
	};
	rootObject = 8408B0B82953845E009EF39E /* Project object */;
}
